Microsoft Visual Studio Solution File, Format Version 12.00
# Visual Studio 15
VisualStudioVersion = 15.0.26430.14
MinimumVisualStudioVersion = 10.0.40219.1
Project("{FAE04EC0-301F-11D3-BF4B-00C04F79EFBC}") = "JustGainsAPI.Standard", "JustGainsAPI.Standard/JustGainsAPI.Standard.csproj", "{acb18cb5-e921-4af1-ad30-15b399ffd95e}"
EndProject
Project("{FAE04EC0-301F-11D3-BF4B-00C04F79EFBC}") = "JustGainsAPI.Tests", "JustGainsAPI.Tests/JustGainsAPI.Tests.csproj", "{26985c6c-89d7-473f-9464-47eca43a92b3}"
EndProject
Global
    GlobalSection(SolutionConfigurationPlatforms) = preSolution
        Debug|Any CPU = Debug|Any CPU
        Release|Any CPU = Release|Any CPU
    EndGlobalSection
    GlobalSection(ProjectConfigurationPlatforms) = postSolution
        {acb18cb5-e921-4af1-ad30-15b399ffd95e}.Debug|Any CPU.ActiveCfg = Debug|Any CPU
        {acb18cb5-e921-4af1-ad30-15b399ffd95e}.Debug|Any CPU.Build.0 = Debug|Any CPU
        {acb18cb5-e921-4af1-ad30-15b399ffd95e}.Release|Any CPU.ActiveCfg = Release|Any CPU
        {acb18cb5-e921-4af1-ad30-15b399ffd95e}.Release|Any CPU.Build.0 = Release|Any CPU
        {26985c6c-89d7-473f-9464-47eca43a92b3}.Debug|Any CPU.ActiveCfg = Debug|Any CPU
        {26985c6c-89d7-473f-9464-47eca43a92b3}.Debug|Any CPU.Build.0 = Debug|Any CPU
        {26985c6c-89d7-473f-9464-47eca43a92b3}.Release|Any CPU.ActiveCfg = Release|Any CPU
        {26985c6c-89d7-473f-9464-47eca43a92b3}.Release|Any CPU.Build.0 = Release|Any CPU
    EndGlobalSection
    GlobalSection(SolutionProperties) = preSolution
        HideSolutionNode = FALSE
    EndGlobalSection
EndGlobal
